
Microsoft Visual Studio Solution File, Format Version 12.00
# Visual Studio Version 16
VisualStudioVersion = 16.0.29102.190
MinimumVisualStudioVersion = 10.0.40219.1
Project("{FAE04EC0-301F-11D3-BF4B-00C04F79EFBC}") = "barcodeImageGenerator", "barcodeImageGenerator\barcodeImageGenerator.csproj", "{AB934C14-B607-48F9-BAE5-706D01E88EE4}"
EndProject
Global
	GlobalSection(SolutionConfigurationPlatforms) = preSolution
		Debug|Any CPU = Debug|Any CPU
		Release|Any CPU = Release|Any CPU
	EndGlobalSection
	GlobalSection(ProjectConfigurationPlatforms) = postSolution
		{AB934C14-B607-48F9-BAE5-706D01E88EE4}.Debug|Any CPU.ActiveCfg = Debug|Any CPU
		{AB934C14-B607-48F9-BAE5-706D01E88EE4}.Debug|Any CPU.Build.0 = Debug|Any CPU
		{AB934C14-B607-48F9-BAE5-706D01E88EE4}.Release|Any CPU.ActiveCfg = Release|Any CPU
		{AB934C14-B607-48F9-BAE5-706D01E88EE4}.Release|Any CPU.Build.0 = Release|Any CPU
	EndGlobalSection
	GlobalSection(SolutionProperties) = preSolution
		HideSolutionNode = FALSE
	EndGlobalSection
	GlobalSection(ExtensibilityGlobals) = postSolution
		SolutionGuid = {DC8A450B-2598-43AC-ACDB-74FB7071892E}
	EndGlobalSection
EndGlobal
